
Microsoft Visual Studio Solution File, Format Version 12.00
# Visual Studio Version 17
VisualStudioVersion = 17.7.34031.279
MinimumVisualStudioVersion = 10.0.40219.1
Project("{FAE04EC0-301F-11D3-BF4B-00C04F79EFBC}") = "Warmup1MonkeyTrouble", "Warmup1MonkeyTrouble.csproj", "{10539EB8-0518-4F8B-AF8E-43AA597B172B}"
EndProject
Global
	GlobalSection(SolutionConfigurationPlatforms) = preSolution
		Debug|Any CPU = Debug|Any CPU
		Release|Any CPU = Release|Any CPU
	EndGlobalSection
	GlobalSection(ProjectConfigurationPlatforms) = postSolution
		{10539EB8-0518-4F8B-AF8E-43AA597B172B}.Debug|Any CPU.ActiveCfg = Debug|Any CPU
		{10539EB8-0518-4F8B-AF8E-43AA597B172B}.Debug|Any CPU.Build.0 = Debug|Any CPU
		{10539EB8-0518-4F8B-AF8E-43AA597B172B}.Release|Any CPU.ActiveCfg = Release|Any CPU
		{10539EB8-0518-4F8B-AF8E-43AA597B172B}.Release|Any CPU.Build.0 = Release|Any CPU
	EndGlobalSection
	GlobalSection(SolutionProperties) = preSolution
		HideSolutionNode = FALSE
	EndGlobalSection
	GlobalSection(ExtensibilityGlobals) = postSolution
		SolutionGuid = {BDDC6492-C72E-46B1-AE85-C76190307A9D}
	EndGlobalSection
EndGlobal
